
Microsoft Visual Studio Solution File, Format Version 12.00
# Visual Studio Version 17
VisualStudioVersion = 17.8.34601.278
MinimumVisualStudioVersion = 10.0.40219.1
Project("{FAE04EC0-301F-11D3-BF4B-00C04F79EFBC}") = "MELib.Server", "METTLib.Server\MELib.Server.csproj", "{A40E160D-F284-4490-ABED-91ACF2D82B01}"
EndProject
Project("{FAE04EC0-301F-11D3-BF4B-00C04F79EFBC}") = "MEWeb", "METTWeb\MEWeb.csproj", "{A178154F-D464-4FF0-A9F8-069F3CC34433}"
EndProject
Project("{F184B08F-C81C-45F6-A57F-5ABD9991F28F}") = "Singular.Server.461", "Submodules\Singular.Server\Singular.Server.461.vbproj", "{2CB7EBC8-A8A2-441C-A6B8-A76F64B2158D}"
EndProject
Project("{F184B08F-C81C-45F6-A57F-5ABD9991F28F}") = "Singular.Web.461", "Submodules\Singular.Web\Singular.Web.461.vbproj", "{5F74AB00-B5E2-47A3-8DBE-F726CB3D03CD}"
EndProject
Project("{F184B08F-C81C-45F6-A57F-5ABD9991F28F}") = "Singular.Service.461", "Submodules\Singular.Service\Singular.Service.461.vbproj", "{EF6FEADA-AA15-462C-B346-13A840B0CB21}"
EndProject
Project("{FAE04EC0-301F-11D3-BF4B-00C04F79EFBC}") = "ME.Service", "METT.Service\ME.Service.csproj", "{DD387A26-75A5-48D6-93CD-4A358C28E20D}"
EndProject
Project("{FAE04EC0-301F-11D3-BF4B-00C04F79EFBC}") = "MEUnitTest", "METTUnitTest\MEUnitTest.csproj", "{41E914BE-730D-4320-B1AB-815982F2F783}"
EndProject
Project("{FAE04EC0-301F-11D3-BF4B-00C04F79EFBC}") = "MEReports", "METTReports\MEReports.csproj", "{0FA5E5E5-1637-49A1-A41D-377AA01EFE04}"
EndProject
Global
	GlobalSection(SolutionConfigurationPlatforms) = preSolution
		Debug|Any CPU = Debug|Any CPU
		Debug|ARM = Debug|ARM
		Debug|x64 = Debug|x64
		Debug|x86 = Debug|x86
		Release|Any CPU = Release|Any CPU
		Release|ARM = Release|ARM
		Release|x64 = Release|x64
		Release|x86 = Release|x86
	EndGlobalSection
	GlobalSection(ProjectConfigurationPlatforms) = postSolution
		{A40E160D-F284-4490-ABED-91ACF2D82B01}.Debug|Any CPU.ActiveCfg = Debug|Any CPU
		{A40E160D-F284-4490-ABED-91ACF2D82B01}.Debug|Any CPU.Build.0 = Debug|Any CPU
		{A40E160D-F284-4490-ABED-91ACF2D82B01}.Debug|ARM.ActiveCfg = Debug|Any CPU
		{A40E160D-F284-4490-ABED-91ACF2D82B01}.Debug|ARM.Build.0 = Debug|Any CPU
		{A40E160D-F284-4490-ABED-91ACF2D82B01}.Debug|x64.ActiveCfg = Debug|Any CPU
		{A40E160D-F284-4490-ABED-91ACF2D82B01}.Debug|x64.Build.0 = Debug|Any CPU
		{A40E160D-F284-4490-ABED-91ACF2D82B01}.Debug|x86.ActiveCfg = Debug|Any CPU
		{A40E160D-F284-4490-ABED-91ACF2D82B01}.Debug|x86.Build.0 = Debug|Any CPU
		{A40E160D-F284-4490-ABED-91ACF2D82B01}.Release|Any CPU.ActiveCfg = Release|Any CPU
		{A40E160D-F284-4490-ABED-91ACF2D82B01}.Release|Any CPU.Build.0 = Release|Any CPU
		{A40E160D-F284-4490-ABED-91ACF2D82B01}.Release|ARM.ActiveCfg = Release|Any CPU
		{A40E160D-F284-4490-ABED-91ACF2D82B01}.Release|ARM.Build.0 = Release|Any CPU
		{A40E160D-F284-4490-ABED-91ACF2D82B01}.Release|x64.ActiveCfg = Release|Any CPU
		{A40E160D-F284-4490-ABED-91ACF2D82B01}.Release|x64.Build.0 = Release|Any CPU
		{A40E160D-F284-4490-ABED-91ACF2D82B01}.Release|x86.ActiveCfg = Release|Any CPU
		{A40E160D-F284-4490-ABED-91ACF2D82B01}.Release|x86.Build.0 = Release|Any CPU
		{A178154F-D464-4FF0-A9F8-069F3CC34433}.Debug|Any CPU.ActiveCfg = Debug|Any CPU
		{A178154F-D464-4FF0-A9F8-069F3CC34433}.Debug|Any CPU.Build.0 = Debug|Any CPU
		{A178154F-D464-4FF0-A9F8-069F3CC34433}.Debug|ARM.ActiveCfg = Debug|Any CPU
		{A178154F-D464-4FF0-A9F8-069F3CC34433}.Debug|ARM.Build.0 = Debug|Any CPU
		{A178154F-D464-4FF0-A9F8-069F3CC34433}.Debug|x64.ActiveCfg = Debug|Any CPU
		{A178154F-D464-4FF0-A9F8-069F3CC34433}.Debug|x64.Build.0 = Debug|Any CPU
		{A178154F-D464-4FF0-A9F8-069F3CC34433}.Debug|x86.ActiveCfg = Debug|Any CPU
		{A178154F-D464-4FF0-A9F8-069F3CC34433}.Debug|x86.Build.0 = Debug|Any CPU
		{A178154F-D464-4FF0-A9F8-069F3CC34433}.Release|Any CPU.ActiveCfg = Release|Any CPU
		{A178154F-D464-4FF0-A9F8-069F3CC34433}.Release|Any CPU.Build.0 = Release|Any CPU
		{A178154F-D464-4FF0-A9F8-069F3CC34433}.Release|ARM.ActiveCfg = Release|Any CPU
		{A178154F-D464-4FF0-A9F8-069F3CC34433}.Release|ARM.Build.0 = Release|Any CPU
		{A178154F-D464-4FF0-A9F8-069F3CC34433}.Release|x64.ActiveCfg = Release|Any CPU
		{A178154F-D464-4FF0-A9F8-069F3CC34433}.Release|x64.Build.0 = Release|Any CPU
		{A178154F-D464-4FF0-A9F8-069F3CC34433}.Release|x86.ActiveCfg = Release|Any CPU
		{A178154F-D464-4FF0-A9F8-069F3CC34433}.Release|x86.Build.0 = Release|Any CPU
		{2CB7EBC8-A8A2-441C-A6B8-A76F64B2158D}.Debug|Any CPU.ActiveCfg = Debug|Any CPU
		{2CB7EBC8-A8A2-441C-A6B8-A76F64B2158D}.Debug|Any CPU.Build.0 = Debug|Any CPU
		{2CB7EBC8-A8A2-441C-A6B8-A76F64B2158D}.Debug|ARM.ActiveCfg = Debug|Any CPU
		{2CB7EBC8-A8A2-441C-A6B8-A76F64B2158D}.Debug|ARM.Build.0 = Debug|Any CPU
		{2CB7EBC8-A8A2-441C-A6B8-A76F64B2158D}.Debug|x64.ActiveCfg = Debug|Any CPU
		{2CB7EBC8-A8A2-441C-A6B8-A76F64B2158D}.Debug|x64.Build.0 = Debug|Any CPU
		{2CB7EBC8-A8A2-441C-A6B8-A76F64B2158D}.Debug|x86.ActiveCfg = Debug|Any CPU
		{2CB7EBC8-A8A2-441C-A6B8-A76F64B2158D}.Debug|x86.Build.0 = Debug|Any CPU
		{2CB7EBC8-A8A2-441C-A6B8-A76F64B2158D}.Release|Any CPU.ActiveCfg = Release|Any CPU
		{2CB7EBC8-A8A2-441C-A6B8-A76F64B2158D}.Release|Any CPU.Build.0 = Release|Any CPU
		{2CB7EBC8-A8A2-441C-A6B8-A76F64B2158D}.Release|ARM.ActiveCfg = Release|Any CPU
		{2CB7EBC8-A8A2-441C-A6B8-A76F64B2158D}.Release|ARM.Build.0 = Release|Any CPU
		{2CB7EBC8-A8A2-441C-A6B8-A76F64B2158D}.Release|x64.ActiveCfg = Release|Any CPU
		{2CB7EBC8-A8A2-441C-A6B8-A76F64B2158D}.Release|x64.Build.0 = Release|Any CPU
		{2CB7EBC8-A8A2-441C-A6B8-A76F64B2158D}.Release|x86.ActiveCfg = Release|Any CPU
		{2CB7EBC8-A8A2-441C-A6B8-A76F64B2158D}.Release|x86.Build.0 = Release|Any CPU
		{5F74AB00-B5E2-47A3-8DBE-F726CB3D03CD}.Debug|Any CPU.ActiveCfg = Debug|Any CPU
		{5F74AB00-B5E2-47A3-8DBE-F726CB3D03CD}.Debug|Any CPU.Build.0 = Debug|Any CPU
		{5F74AB00-B5E2-47A3-8DBE-F726CB3D03CD}.Debug|ARM.ActiveCfg = Debug|Any CPU
		{5F74AB00-B5E2-47A3-8DBE-F726CB3D03CD}.Debug|ARM.Build.0 = Debug|Any CPU
		{5F74AB00-B5E2-47A3-8DBE-F726CB3D03CD}.Debug|x64.ActiveCfg = Debug|Any CPU
		{5F74AB00-B5E2-47A3-8DBE-F726CB3D03CD}.Debug|x64.Build.0 = Debug|Any CPU
		{5F74AB00-B5E2-47A3-8DBE-F726CB3D03CD}.Debug|x86.ActiveCfg = Debug|Any CPU
		{5F74AB00-B5E2-47A3-8DBE-F726CB3D03CD}.Debug|x86.Build.0 = Debug|Any CPU
		{5F74AB00-B5E2-47A3-8DBE-F726CB3D03CD}.Release|Any CPU.ActiveCfg = Release|Any CPU
		{5F74AB00-B5E2-47A3-8DBE-F726CB3D03CD}.Release|Any CPU.Build.0 = Release|Any CPU
		{5F74AB00-B5E2-47A3-8DBE-F726CB3D03CD}.Release|ARM.ActiveCfg = Release|Any CPU
		{5F74AB00-B5E2-47A3-8DBE-F726CB3D03CD}.Release|ARM.Build.0 = Release|Any CPU
		{5F74AB00-B5E2-47A3-8DBE-F726CB3D03CD}.Release|x64.ActiveCfg = Release|Any CPU
		{5F74AB00-B5E2-47A3-8DBE-F726CB3D03CD}.Release|x64.Build.0 = Release|Any CPU
		{5F74AB00-B5E2-47A3-8DBE-F726CB3D03CD}.Release|x86.ActiveCfg = Release|Any CPU
		{5F74AB00-B5E2-47A3-8DBE-F726CB3D03CD}.Release|x86.Build.0 = Release|Any CPU
		{EF6FEADA-AA15-462C-B346-13A840B0CB21}.Debug|Any CPU.ActiveCfg = Debug|Any CPU
		{EF6FEADA-AA15-462C-B346-13A840B0CB21}.Debug|Any CPU.Build.0 = Debug|Any CPU
		{EF6FEADA-AA15-462C-B346-13A840B0CB21}.Debug|ARM.ActiveCfg = Debug|Any CPU
		{EF6FEADA-AA15-462C-B346-13A840B0CB21}.Debug|ARM.Build.0 = Debug|Any CPU
		{EF6FEADA-AA15-462C-B346-13A840B0CB21}.Debug|x64.ActiveCfg = Debug|Any CPU
		{EF6FEADA-AA15-462C-B346-13A840B0CB21}.Debug|x64.Build.0 = Debug|Any CPU
		{EF6FEADA-AA15-462C-B346-13A840B0CB21}.Debug|x86.ActiveCfg = Debug|Any CPU
		{EF6FEADA-AA15-462C-B346-13A840B0CB21}.Debug|x86.Build.0 = Debug|Any CPU
		{EF6FEADA-AA15-462C-B346-13A840B0CB21}.Release|Any CPU.ActiveCfg = Release|Any CPU
		{EF6FEADA-AA15-462C-B346-13A840B0CB21}.Release|Any CPU.Build.0 = Release|Any CPU
		{EF6FEADA-AA15-462C-B346-13A840B0CB21}.Release|ARM.ActiveCfg = Release|Any CPU
		{EF6FEADA-AA15-462C-B346-13A840B0CB21}.Release|ARM.Build.0 = Release|Any CPU
		{EF6FEADA-AA15-462C-B346-13A840B0CB21}.Release|x64.ActiveCfg = Release|Any CPU
		{EF6FEADA-AA15-462C-B346-13A840B0CB21}.Release|x64.Build.0 = Release|Any CPU
		{EF6FEADA-AA15-462C-B346-13A840B0CB21}.Release|x86.ActiveCfg = Release|Any CPU
		{EF6FEADA-AA15-462C-B346-13A840B0CB21}.Release|x86.Build.0 = Release|Any CPU
		{DD387A26-75A5-48D6-93CD-4A358C28E20D}.Debug|Any CPU.ActiveCfg = Debug|Any CPU
		{DD387A26-75A5-48D6-93CD-4A358C28E20D}.Debug|Any CPU.Build.0 = Debug|Any CPU
		{DD387A26-75A5-48D6-93CD-4A358C28E20D}.Debug|ARM.ActiveCfg = Debug|Any CPU
		{DD387A26-75A5-48D6-93CD-4A358C28E20D}.Debug|ARM.Build.0 = Debug|Any CPU
		{DD387A26-75A5-48D6-93CD-4A358C28E20D}.Debug|x64.ActiveCfg = Debug|Any CPU
		{DD387A26-75A5-48D6-93CD-4A358C28E20D}.Debug|x64.Build.0 = Debug|Any CPU
		{DD387A26-75A5-48D6-93CD-4A358C28E20D}.Debug|x86.ActiveCfg = Debug|Any CPU
		{DD387A26-75A5-48D6-93CD-4A358C28E20D}.Debug|x86.Build.0 = Debug|Any CPU
		{DD387A26-75A5-48D6-93CD-4A358C28E20D}.Release|Any CPU.ActiveCfg = Release|Any CPU
		{DD387A26-75A5-48D6-93CD-4A358C28E20D}.Release|Any CPU.Build.0 = Release|Any CPU
		{DD387A26-75A5-48D6-93CD-4A358C28E20D}.Release|ARM.ActiveCfg = Release|Any CPU
		{DD387A26-75A5-48D6-93CD-4A358C28E20D}.Release|ARM.Build.0 = Release|Any CPU
		{DD387A26-75A5-48D6-93CD-4A358C28E20D}.Release|x64.ActiveCfg = Release|Any CPU
		{DD387A26-75A5-48D6-93CD-4A358C28E20D}.Release|x64.Build.0 = Release|Any CPU
		{DD387A26-75A5-48D6-93CD-4A358C28E20D}.Release|x86.ActiveCfg = Release|Any CPU
		{DD387A26-75A5-48D6-93CD-4A358C28E20D}.Release|x86.Build.0 = Release|Any CPU
		{41E914BE-730D-4320-B1AB-815982F2F783}.Debug|Any CPU.ActiveCfg = Debug|Any CPU
		{41E914BE-730D-4320-B1AB-815982F2F783}.Debug|Any CPU.Build.0 = Debug|Any CPU
		{41E914BE-730D-4320-B1AB-815982F2F783}.Debug|ARM.ActiveCfg = Debug|Any CPU
		{41E914BE-730D-4320-B1AB-815982F2F783}.Debug|ARM.Build.0 = Debug|Any CPU
		{41E914BE-730D-4320-B1AB-815982F2F783}.Debug|x64.ActiveCfg = Debug|Any CPU
		{41E914BE-730D-4320-B1AB-815982F2F783}.Debug|x64.Build.0 = Debug|Any CPU
		{41E914BE-730D-4320-B1AB-815982F2F783}.Debug|x86.ActiveCfg = Debug|Any CPU
		{41E914BE-730D-4320-B1AB-815982F2F783}.Debug|x86.Build.0 = Debug|Any CPU
		{41E914BE-730D-4320-B1AB-815982F2F783}.Release|Any CPU.ActiveCfg = Release|Any CPU
		{41E914BE-730D-4320-B1AB-815982F2F783}.Release|Any CPU.Build.0 = Release|Any CPU
		{41E914BE-730D-4320-B1AB-815982F2F783}.Release|ARM.ActiveCfg = Release|Any CPU
		{41E914BE-730D-4320-B1AB-815982F2F783}.Release|ARM.Build.0 = Release|Any CPU
		{41E914BE-730D-4320-B1AB-815982F2F783}.Release|x64.ActiveCfg = Release|Any CPU
		{41E914BE-730D-4320-B1AB-815982F2F783}.Release|x64.Build.0 = Release|Any CPU
		{41E914BE-730D-4320-B1AB-815982F2F783}.Release|x86.ActiveCfg = Release|Any CPU
		{41E914BE-730D-4320-B1AB-815982F2F783}.Release|x86.Build.0 = Release|Any CPU
		{0FA5E5E5-1637-49A1-A41D-377AA01EFE04}.Debug|Any CPU.ActiveCfg = Debug|Any CPU
		{0FA5E5E5-1637-49A1-A41D-377AA01EFE04}.Debug|Any CPU.Build.0 = Debug|Any CPU
		{0FA5E5E5-1637-49A1-A41D-377AA01EFE04}.Debug|ARM.ActiveCfg = Debug|Any CPU
		{0FA5E5E5-1637-49A1-A41D-377AA01EFE04}.Debug|ARM.Build.0 = Debug|Any CPU
		{0FA5E5E5-1637-49A1-A41D-377AA01EFE04}.Debug|x64.ActiveCfg = Debug|Any CPU
		{0FA5E5E5-1637-49A1-A41D-377AA01EFE04}.Debug|x64.Build.0 = Debug|Any CPU
		{0FA5E5E5-1637-49A1-A41D-377AA01EFE04}.Debug|x86.ActiveCfg = Debug|Any CPU
		{0FA5E5E5-1637-49A1-A41D-377AA01EFE04}.Debug|x86.Build.0 = Debug|Any CPU
		{0FA5E5E5-1637-49A1-A41D-377AA01EFE04}.Release|Any CPU.ActiveCfg = Release|Any CPU
		{0FA5E5E5-1637-49A1-A41D-377AA01EFE04}.Release|Any CPU.Build.0 = Release|Any CPU
		{0FA5E5E5-1637-49A1-A41D-377AA01EFE04}.Release|ARM.ActiveCfg = Release|Any CPU
		{0FA5E5E5-1637-49A1-A41D-377AA01EFE04}.Release|ARM.Build.0 = Release|Any CPU
		{0FA5E5E5-1637-49A1-A41D-377AA01EFE04}.Release|x64.ActiveCfg = Release|Any CPU
		{0FA5E5E5-1637-49A1-A41D-377AA01EFE04}.Release|x64.Build.0 = Release|Any CPU
		{0FA5E5E5-1637-49A1-A41D-377AA01EFE04}.Release|x86.ActiveCfg = Release|Any CPU
		{0FA5E5E5-1637-49A1-A41D-377AA01EFE04}.Release|x86.Build.0 = Release|Any CPU
	EndGlobalSection
	GlobalSection(SolutionProperties) = preSolution
		HideSolutionNode = FALSE
	EndGlobalSection
	GlobalSection(ExtensibilityGlobals) = postSolution
		SolutionGuid = {4F3EE52D-6BFB-4473-B85C-07182CD05C0A}
	EndGlobalSection
EndGlobal
